// !$*UTF8*$!
{
	archiveVersion = 1;
	classes = {
	};
	objectVersion = 55;
	objects = {

/* Begin PBXBuildFile section */
		3095FBB1287638CC005E53AF /* DetailViewController.swift in Sources */ = {isa = PBXBuildFile; fileRef = 3095FBA3287638CC005E53AF /* DetailViewController.swift */; };
		3095FBB2287638CC005E53AF /* MainViewController.swift in Sources */ = {isa = PBXBuildFile; fileRef = 3095FBA5287638CC005E53AF /* MainViewController.swift */; };
		3095FBB3287638CC005E53AF /* MainViewModel.swift in Sources */ = {isa = PBXBuildFile; fileRef = 3095FBA6287638CC005E53AF /* MainViewModel.swift */; };
		3095FBB4287638CC005E53AF /* Int + Extension.swift in Sources */ = {isa = PBXBuildFile; fileRef = 3095FBA9287638CC005E53AF /* Int + Extension.swift */; };
		3095FBB5287638CC005E53AF /* GradientButton.swift in Sources */ = {isa = PBXBuildFile; fileRef = 3095FBAB287638CC005E53AF /* GradientButton.swift */; };
		3095FBB6287638CC005E53AF /* Assets.xcassets in Resources */ = {isa = PBXBuildFile; fileRef = 3095FBAD287638CC005E53AF /* Assets.xcassets */; };
		3095FBB7287638CC005E53AF /* AppDelegate.swift in Sources */ = {isa = PBXBuildFile; fileRef = 3095FBAE287638CC005E53AF /* AppDelegate.swift */; };
		3095FBB8287638CC005E53AF /* SceneDelegate.swift in Sources */ = {isa = PBXBuildFile; fileRef = 3095FBAF287638CC005E53AF /* SceneDelegate.swift */; };
/* End PBXBuildFile section */

/* Begin PBXFileReference section */
		3095FB892876374C005E53AF /* TechnialGismart.app */ = {isa = PBXFileReference; explicitFileType = wrapper.application; includeInIndex = 0; path = TechnialGismart.app; sourceTree = BUILT_PRODUCTS_DIR; };
		3095FB9A2876374D005E53AF /* Info.plist */ = {isa = PBXFileReference; lastKnownFileType = text.plist.xml; path = Info.plist; sourceTree = "<group>"; };
		3095FBA3287638CC005E53AF /* DetailViewController.swift */ = {isa = PBXFileReference; fileEncoding = 4; lastKnownFileType = sourcecode.swift; path = DetailViewController.swift; sourceTree = "<group>"; };
		3095FBA5287638CC005E53AF /* MainViewController.swift */ = {isa = PBXFileReference; fileEncoding = 4; lastKnownFileType = sourcecode.swift; path = MainViewController.swift; sourceTree = "<group>"; };
		3095FBA6287638CC005E53AF /* MainViewModel.swift */ = {isa = PBXFileReference; fileEncoding = 4; lastKnownFileType = sourcecode.swift; path = MainViewModel.swift; sourceTree = "<group>"; };
		3095FBA9287638CC005E53AF /* Int + Extension.swift */ = {isa = PBXFileReference; fileEncoding = 4; lastKnownFileType = sourcecode.swift; path = "Int + Extension.swift"; sourceTree = "<group>"; };
		3095FBAB287638CC005E53AF /* GradientButton.swift */ = {isa = PBXFileReference; fileEncoding = 4; lastKnownFileType = sourcecode.swift; path = GradientButton.swift; sourceTree = "<group>"; };
		3095FBAD287638CC005E53AF /* Assets.xcassets */ = {isa = PBXFileReference; lastKnownFileType = folder.assetcatalog; path = Assets.xcassets; sourceTree = "<group>"; };
		3095FBAE287638CC005E53AF /* AppDelegate.swift */ = {isa = PBXFileReference; fileEncoding = 4; lastKnownFileType = sourcecode.swift; path = AppDelegate.swift; sourceTree = "<group>"; };
		3095FBAF287638CC005E53AF /* SceneDelegate.swift */ = {isa = PBXFileReference; fileEncoding = 4; lastKnownFileType = sourcecode.swift; path = SceneDelegate.swift; sourceTree = "<group>"; };
/* End PBXFileReference section */

/* Begin PBXFrameworksBuildPhase section */
		3095FB862876374C005E53AF /* Frameworks */ = {
			isa = PBXFrameworksBuildPhase;
			buildActionMask = 2147483647;
			files = (
			);
			runOnlyForDeploymentPostprocessing = 0;
		};
/* End PBXFrameworksBuildPhase section */

/* Begin PBXGroup section */
		3095FB802876374C005E53AF = {
			isa = PBXGroup;
			children = (
				3095FBA0287638CC005E53AF /* TechnialGismart */,
				3095FB8A2876374C005E53AF /* Products */,
			);
			sourceTree = "<group>";
		};
		3095FB8A2876374C005E53AF /* Products */ = {
			isa = PBXGroup;
			children = (
				3095FB892876374C005E53AF /* TechnialGismart.app */,
			);
			name = Products;
			sourceTree = "<group>";
		};
		3095FBA0287638CC005E53AF /* TechnialGismart */ = {
			isa = PBXGroup;
			children = (
				3095FB9A2876374D005E53AF /* Info.plist */,
				3095FBA1287638CC005E53AF /* Sceens */,
				3095FBA7287638CC005E53AF /* Common */,
			);
			path = TechnialGismart;
			sourceTree = "<group>";
		};
		3095FBA1287638CC005E53AF /* Sceens */ = {
			isa = PBXGroup;
			children = (
				3095FBA2287638CC005E53AF /* DetailView */,
				3095FBA4287638CC005E53AF /* MainView */,
			);
			path = Sceens;
			sourceTree = "<group>";
		};
		3095FBA2287638CC005E53AF /* DetailView */ = {
			isa = PBXGroup;
			children = (
				3095FBA3287638CC005E53AF /* DetailViewController.swift */,
			);
			path = DetailView;
			sourceTree = "<group>";
		};
		3095FBA4287638CC005E53AF /* MainView */ = {
			isa = PBXGroup;
			children = (
				3095FBA5287638CC005E53AF /* MainViewController.swift */,
				3095FBA6287638CC005E53AF /* MainViewModel.swift */,
			);
			path = MainView;
			sourceTree = "<group>";
		};
		3095FBA7287638CC005E53AF /* Common */ = {
			isa = PBXGroup;
			children = (
				3095FBA8287638CC005E53AF /* Extensions */,
				3095FBAA287638CC005E53AF /* CustomViews */,
				3095FBAC287638CC005E53AF /* Application */,
			);
			path = Common;
			sourceTree = "<group>";
		};
		3095FBA8287638CC005E53AF /* Extensions */ = {
			isa = PBXGroup;
			children = (
				3095FBA9287638CC005E53AF /* Int + Extension.swift */,
			);
			path = Extensions;
			sourceTree = "<group>";
		};
		3095FBAA287638CC005E53AF /* CustomViews */ = {
			isa = PBXGroup;
			children = (
				3095FBAB287638CC005E53AF /* GradientButton.swift */,
			);
			path = CustomViews;
			sourceTree = "<group>";
		};
		3095FBAC287638CC005E53AF /* Application */ = {
			isa = PBXGroup;
			children = (
				3095FBAD287638CC005E53AF /* Assets.xcassets */,
				3095FBAE287638CC005E53AF /* AppDelegate.swift */,
				3095FBAF287638CC005E53AF /* SceneDelegate.swift */,
			);
			path = Application;
			sourceTree = "<group>";
		};
/* End PBXGroup section */

/* Begin PBXNativeTarget section */
		3095FB882876374C005E53AF /* TechnialGismart */ = {
			isa = PBXNativeTarget;
			buildConfigurationList = 3095FB9D2876374D005E53AF /* Build configuration list for PBXNativeTarget "TechnialGismart" */;
			buildPhases = (
				3095FB852876374C005E53AF /* Sources */,
				3095FB862876374C005E53AF /* Frameworks */,
				3095FB872876374C005E53AF /* Resources */,
			);
			buildRules = (
			);
			dependencies = (
			);
			name = TechnialGismart;
			productName = TechnialGismart;
			productReference = 3095FB892876374C005E53AF /* TechnialGismart.app */;
			productType = "com.apple.product-type.application";
		};
/* End PBXNativeTarget section */

/* Begin PBXProject section */
		3095FB812876374C005E53AF /* Project object */ = {
			isa = PBXProject;
			attributes = {
				BuildIndependentTargetsInParallel = 1;
				LastSwiftUpdateCheck = 1340;
				LastUpgradeCheck = 1340;
				TargetAttributes = {
					3095FB882876374C005E53AF = {
						CreatedOnToolsVersion = 13.4.1;
					};
				};
			};
			buildConfigurationList = 3095FB842876374C005E53AF /* Build configuration list for PBXProject "TechnialGismart" */;
			compatibilityVersion = "Xcode 13.0";
			developmentRegion = en;
			hasScannedForEncodings = 0;
			knownRegions = (
				en,
				Base,
			);
			mainGroup = 3095FB802876374C005E53AF;
			productRefGroup = 3095FB8A2876374C005E53AF /* Products */;
			projectDirPath = "";
			projectRoot = "";
			targets = (
				3095FB882876374C005E53AF /* TechnialGismart */,
			);
		};
/* End PBXProject section */

/* Begin PBXResourcesBuildPhase section */
		3095FB872876374C005E53AF /* Resources */ = {
			isa = PBXResourcesBuildPhase;
			buildActionMask = 2147483647;
			files = (
				3095FBB6287638CC005E53AF /* Assets.xcassets in Resources */,
			);
			runOnlyForDeploymentPostprocessing = 0;
		};
/* End PBXResourcesBuildPhase section */

/* Begin PBXSourcesBuildPhase section */
		3095FB852876374C005E53AF /* Sources */ = {
			isa = PBXSourcesBuildPhase;
			buildActionMask = 2147483647;
			files = (
				3095FBB7287638CC005E53AF /* AppDelegate.swift in Sources */,
				3095FBB8287638CC005E53AF /* SceneDelegate.swift in Sources */,
				3095FBB5287638CC005E53AF /* GradientButton.swift in Sources */,
				3095FBB1287638CC005E53AF /* DetailViewController.swift in Sources */,
				3095FBB2287638CC005E53AF /* MainViewController.swift in Sources */,
				3095FBB3287638CC005E53AF /* MainViewModel.swift in Sources */,
				3095FBB4287638CC005E53AF /* Int + Extension.swift in Sources */,
			);
			runOnlyForDeploymentPostprocessing = 0;
		};
/* End PBXSourcesBuildPhase section */

/* Begin XCBuildConfiguration section */
		3095FB9B2876374D005E53AF /* Debug */ = {
			isa = XCBuildConfiguration;
			buildSettings = {
				ALWAYS_SEARCH_USER_PATHS = NO;
				CLANG_ANALYZER_NONNULL = YES;
				CLANG_ANALYZER_NUMBER_OBJECT_CONVERSION = YES_AGGRESSIVE;
				CLANG_CXX_LANGUAGE_STANDARD = "gnu++17";
				CLANG_ENABLE_MODULES = YES;
				CLANG_ENABLE_OBJC_ARC = YES;
				CLANG_ENABLE_OBJC_WEAK = YES;
				CLANG_WARN_BLOCK_CAPTURE_AUTORELEASING = YES;
				CLANG_WARN_BOOL_CONVERSION = YES;
				CLANG_WARN_COMMA = YES;
				CLANG_WARN_CONSTANT_CONVERSION = YES;
				CLANG_WARN_DEPRECATED_OBJC_IMPLEMENTATIONS = YES;
				CLANG_WARN_DIRECT_OBJC_ISA_USAGE = YES_ERROR;
				CLANG_WARN_DOCUMENTATION_COMMENTS = YES;
				CLANG_WARN_EMPTY_BODY = YES;
				CLANG_WARN_ENUM_CONVERSION = YES;
				CLANG_WARN_INFINITE_RECURSION = YES;
				CLANG_WARN_INT_CONVERSION = YES;
				CLANG_WARN_NON_LITERAL_NULL_CONVERSION = YES;
				CLANG_WARN_OBJC_IMPLICIT_RETAIN_SELF = YES;
				CLANG_WARN_OBJC_LITERAL_CONVERSION = YES;
				CLANG_WARN_OBJC_ROOT_CLASS = YES_ERROR;
				CLANG_WARN_QUOTED_INCLUDE_IN_FRAMEWORK_HEADER = YES;
				CLANG_WARN_RANGE_LOOP_ANALYSIS = YES;
				CLANG_WARN_STRICT_PROTOTYPES = YES;
				CLANG_WARN_SUSPICIOUS_MOVE = YES;
				CLANG_WARN_UNGUARDED_AVAILABILITY = YES_AGGRESSIVE;
				CLANG_WARN_UNREACHABLE_CODE = YES;
				CLANG_WARN__DUPLICATE_METHOD_MATCH = YES;
				COPY_PHASE_STRIP = NO;
				DEBUG_INFORMATION_FORMAT = dwarf;
				ENABLE_STRICT_OBJC_MSGSEND = YES;
				ENABLE_TESTABILITY = YES;
				GCC_C_LANGUAGE_STANDARD = gnu11;
				GCC_DYNAMIC_NO_PIC = NO;
				GCC_NO_COMMON_BLOCKS = YES;
				GCC_OPTIMIZATION_LEVEL = 0;
				GCC_PREPROCESSOR_DEFINITIONS = (
					"DEBUG=1",
					"$(inherited)",
				);
				GCC_WARN_64_TO_32_BIT_CONVERSION = YES;
				GCC_WARN_ABOUT_RETURN_TYPE = YES_ERROR;
				GCC_WARN_UNDECLARED_SELECTOR = YES;
				GCC_WARN_UNINITIALIZED_AUTOS = YES_AGGRESSIVE;
				GCC_WARN_UNUSED_FUNCTION = YES;
				GCC_WARN_UNUSED_VARIABLE = YES;
				IPHONEOS_DEPLOYMENT_TARGET = 15.5;
				MTL_ENABLE_DEBUG_INFO = INCLUDE_SOURCE;
				MTL_FAST_MATH = YES;
				ONLY_ACTIVE_ARCH = YES;
				SDKROOT = iphoneos;
				SWIFT_ACTIVE_COMPILATION_CONDITIONS = DEBUG;
				SWIFT_OPTIMIZATION_LEVEL = "-Onone";
			};
			name = Debug;
		};
		3095FB9C2876374D005E53AF /* Release */ = {
			isa = XCBuildConfiguration;
			buildSettings = {
				ALWAYS_SEARCH_USER_PATHS = NO;
				CLANG_ANALYZER_NONNULL = YES;
				CLANG_ANALYZER_NUMBER_OBJECT_CONVERSION = YES_AGGRESSIVE;
				CLANG_CXX_LANGUAGE_STANDARD = "gnu++17";
				CLANG_ENABLE_MODULES = YES;
				CLANG_ENABLE_OBJC_ARC = YES;
				CLANG_ENABLE_OBJC_WEAK = YES;
				CLANG_WARN_BLOCK_CAPTURE_AUTORELEASING = YES;
				CLANG_WARN_BOOL_CONVERSION = YES;
				CLANG_WARN_COMMA = YES;
				CLANG_WARN_CONSTANT_CONVERSION = YES;
				CLANG_WARN_DEPRECATED_OBJC_IMPLEMENTATIONS = YES;
				CLANG_WARN_DIRECT_OBJC_ISA_USAGE = YES_ERROR;
				CLANG_WARN_DOCUMENTATION_COMMENTS = YES;
				CLANG_WARN_EMPTY_BODY = YES;
				CLANG_WARN_ENUM_CONVERSION = YES;
				CLANG_WARN_INFINITE_RECURSION = YES;
				CLANG_WARN_INT_CONVERSION = YES;
				CLANG_WARN_NON_LITERAL_NULL_CONVERSION = YES;
				CLANG_WARN_OBJC_IMPLICIT_RETAIN_SELF = YES;
				CLANG_WARN_OBJC_LITERAL_CONVERSION = YES;
				CLANG_WARN_OBJC_ROOT_CLASS = YES_ERROR;
				CLANG_WARN_QUOTED_INCLUDE_IN_FRAMEWORK_HEADER = YES;
				CLANG_WARN_RANGE_LOOP_ANALYSIS = YES;
				CLANG_WARN_STRICT_PROTOTYPES = YES;
				CLANG_WARN_SUSPICIOUS_MOVE = YES;
				CLANG_WARN_UNGUARDED_AVAILABILITY = YES_AGGRESSIVE;
				CLANG_WARN_UNREACHABLE_CODE = YES;
				CLANG_WARN__DUPLICATE_METHOD_MATCH = YES;
				COPY_PHASE_STRIP = NO;
				DEBUG_INFORMATION_FORMAT = "dwarf-with-dsym";
				ENABLE_NS_ASSERTIONS = NO;
				ENABLE_STRICT_OBJC_MSGSEND = YES;
				GCC_C_LANGUAGE_STANDARD = gnu11;
				GCC_NO_COMMON_BLOCKS = YES;
				GCC_WARN_64_TO_32_BIT_CONVERSION = YES;
				GCC_WARN_ABOUT_RETURN_TYPE = YES_ERROR;
				GCC_WARN_UNDECLARED_SELECTOR = YES;
				GCC_WARN_UNINITIALIZED_AUTOS = YES_AGGRESSIVE;
				GCC_WARN_UNUSED_FUNCTION = YES;
				GCC_WARN_UNUSED_VARIABLE = YES;
				IPHONEOS_DEPLOYMENT_TARGET = 15.5;
				MTL_ENABLE_DEBUG_INFO = NO;
				MTL_FAST_MATH = YES;
				SDKROOT = iphoneos;
				SWIFT_COMPILATION_MODE = wholemodule;
				SWIFT_OPTIMIZATION_LEVEL = "-O";
				VALIDATE_PRODUCT = YES;
			};
			name = Release;
		};
		3095FB9E2876374D005E53AF /* Debug */ = {
			isa = XCBuildConfiguration;
			buildSettings = {
				ASSETCATALOG_COMPILER_APPICON_NAME = AppIcon;
				ASSETCATALOG_COMPILER_GLOBAL_ACCENT_COLOR_NAME = AccentColor;
				CODE_SIGN_STYLE = Automatic;
				CURRENT_PROJECT_VERSION = 1;
				DEVELOPMENT_TEAM = NYX6FQH9DL;
				GENERATE_INFOPLIST_FILE = YES;
				INFOPLIST_FILE = TechnialGismart/Info.plist;
				INFOPLIST_KEY_UIApplicationSupportsIndirectInputEvents = YES;
				INFOPLIST_KEY_UILaunchStoryboardName = LaunchScreen;
				INFOPLIST_KEY_UISupportedInterfaceOrientations_iPad = "UIInterfaceOrientationPortrait UIInterfaceOrientationPortraitUpsideDown UIInterfaceOrientationLandscapeLeft UIInterfaceOrientationLandscapeRight";
				INFOPLIST_KEY_UISupportedInterfaceOrientations_iPhone = "UIInterfaceOrientationPortrait UIInterfaceOrientationLandscapeLeft UIInterfaceOrientationLandscapeRight";
				LD_RUNPATH_SEARCH_PATHS = (
					"$(inherited)",
					"@executable_path/Frameworks",
				);
				MARKETING_VERSION = 1.0;
				PRODUCT_BUNDLE_IDENTIFIER = egor.techtest.TechnialGismart;
				PRODUCT_NAME = "$(TARGET_NAME)";
				SWIFT_EMIT_LOC_STRINGS = YES;
				SWIFT_VERSION = 5.0;
				TARGETED_DEVICE_FAMILY = "1,2";
			};
			name = Debug;
		};
		3095FB9F2876374D005E53AF /* Release */ = {
			isa = XCBuildConfiguration;
			buildSettings = {
				ASSETCATALOG_COMPILER_APPICON_NAME = AppIcon;
				ASSETCATALOG_COMPILER_GLOBAL_ACCENT_COLOR_NAME = AccentColor;
				CODE_SIGN_STYLE = Automatic;
				CURRENT_PROJECT_VERSION = 1;
				DEVELOPMENT_TEAM = NYX6FQH9DL;
				GENERATE_INFOPLIST_FILE = YES;
				INFOPLIST_FILE = TechnialGismart/Info.plist;
				INFOPLIST_KEY_UIApplicationSupportsIndirectInputEvents = YES;
				INFOPLIST_KEY_UILaunchStoryboardName = LaunchScreen;
				INFOPLIST_KEY_UISupportedInterfaceOrientations_iPad = "UIInterfaceOrientationPortrait UIInterfaceOrientationPortraitUpsideDown UIInterfaceOrientationLandscapeLeft UIInterfaceOrientationLandscapeRight";
				INFOPLIST_KEY_UISupportedInterfaceOrientations_iPhone = "UIInterfaceOrientationPortrait UIInterfaceOrientationLandscapeLeft UIInterfaceOrientationLandscapeRight";
				LD_RUNPATH_SEARCH_PATHS = (
					"$(inherited)",
					"@executable_path/Frameworks",
				);
				MARKETING_VERSION = 1.0;
				PRODUCT_BUNDLE_IDENTIFIER = egor.techtest.TechnialGismart;
				PRODUCT_NAME = "$(TARGET_NAME)";
				SWIFT_EMIT_LOC_STRINGS = YES;
				SWIFT_VERSION = 5.0;
				TARGETED_DEVICE_FAMILY = "1,2";
			};
			name = Release;
		};
/* End XCBuildConfiguration section */

/* Begin XCConfigurationList section */
		3095FB842876374C005E53AF /* Build configuration list for PBXProject "TechnialGismart" */ = {
			isa = XCConfigurationList;
			buildConfigurations = (
				3095FB9B2876374D005E53AF /* Debug */,
				3095FB9C2876374D005E53AF /* Release */,
			);
			defaultConfigurationIsVisible = 0;
			defaultConfigurationName = Release;
		};
		3095FB9D2876374D005E53AF /* Build configuration list for PBXNativeTarget "TechnialGismart" */ = {
			isa = XCConfigurationList;
			buildConfigurations = (
				3095FB9E2876374D005E53AF /* Debug */,
				3095FB9F2876374D005E53AF /* Release */,
			);
			defaultConfigurationIsVisible = 0;
			defaultConfigurationName = Release;
		};
/* End XCConfigurationList section */
	};
	rootObject = 3095FB812876374C005E53AF /* Project object */;
}
